
Microsoft Visual Studio Solution File, Format Version 12.00
# Visual Studio 2012
Project("{FAE04EC0-301F-11D3-BF4B-00C04F79EFBC}") = "UnityTest1", "UnityTest1.csproj", "{4E961337-2ADD-48A8-9B04-ED7F7F3C6DF7}"
EndProject
Global
	GlobalSection(SolutionConfigurationPlatforms) = preSolution
		Debug|Any CPU = Debug|Any CPU
		Release|Any CPU = Release|Any CPU
	EndGlobalSection
	GlobalSection(ProjectConfigurationPlatforms) = postSolution
		{4E961337-2ADD-48A8-9B04-ED7F7F3C6DF7}.Debug|Any CPU.ActiveCfg = Debug|Any CPU
		{4E961337-2ADD-48A8-9B04-ED7F7F3C6DF7}.Debug|Any CPU.Build.0 = Debug|Any CPU
		{4E961337-2ADD-48A8-9B04-ED7F7F3C6DF7}.Release|Any CPU.ActiveCfg = Release|Any CPU
		{4E961337-2ADD-48A8-9B04-ED7F7F3C6DF7}.Release|Any CPU.Build.0 = Release|Any CPU
	EndGlobalSection
	GlobalSection(SolutionProperties) = preSolution
		HideSolutionNode = FALSE
	EndGlobalSection
	GlobalSection(ExtensibilityGlobals) = postSolution
		EnterpriseLibraryConfigurationToolBinariesPath = packages\Unity.2.1.505.2\lib\NET35
	EndGlobalSection
EndGlobal
