
Microsoft Visual Studio Solution File, Format Version 12.00
# Visual Studio 2012
VisualStudioVersion = 14.0.23107.0
MinimumVisualStudioVersion = 10.0.40219.1
Project("{2150E333-8FDC-42A3-9474-1A3956D46DE8}") = "05_CollecitonViews", "05_CollecitonViews", "{7394F83A-F8E4-45D7-82A8-7F05B740D2F8}"
EndProject
Project("{FAE04EC0-301F-11D3-BF4B-00C04F79EFBC}") = "CollectionView.Droid", "CollectionView.Droid\CollectionView.Droid.csproj", "{6EF11C64-A937-4707-AD92-D0CCD7D7EF7A}"
EndProject
Project("{FAE04EC0-301F-11D3-BF4B-00C04F79EFBC}") = "CustomCollectionView.Droid", "CustomCollectionView.Droid\CustomCollectionView.Droid.csproj", "{9FB67DFF-7157-474A-AA97-210366659901}"
EndProject
Project("{FAE04EC0-301F-11D3-BF4B-00C04F79EFBC}") = "CollectionView.iOS", "CollectionView.iOS\CollectionView.iOS.csproj", "{6F8044CD-ED7E-4D1A-8767-A4387A2DDA11}"
EndProject
Project("{2150E333-8FDC-42A3-9474-1A3956D46DE8}") = "04_HelloUI", "04_HelloUI", "{A23FD2AE-4A00-479C-BD2E-A48EFDCF9249}"
EndProject
Project("{FAE04EC0-301F-11D3-BF4B-00C04F79EFBC}") = "HelloAndroidApp", "HelloAndroidApp\HelloAndroidApp.csproj", "{2980D9B2-E359-4FDC-A550-0D4DA92C687F}"
EndProject
Project("{FAE04EC0-301F-11D3-BF4B-00C04F79EFBC}") = "HelloiOS", "HelloiOS\HelloiOS.csproj", "{BEEE22CB-5F51-4A29-A787-45A5257CC213}"
EndProject
Project("{2150E333-8FDC-42A3-9474-1A3956D46DE8}") = "07_Crossplatform", "07_Crossplatform", "{F4492C62-C2C5-49DB-9750-820497AB127C}"
EndProject
Project("{FAE04EC0-301F-11D3-BF4B-00C04F79EFBC}") = "Crossplatform.Droid", "Crossplatform.Droid\Crossplatform.Droid.csproj", "{DFD2920A-4642-4D9E-B5BB-D449D047110A}"
EndProject
Project("{FAE04EC0-301F-11D3-BF4B-00C04F79EFBC}") = "Crossplatform.Core", "Crossplatform.Core\Crossplatform.Core.csproj", "{B7E902F3-CC99-4D65-B4F7-B15BE36211C0}"
EndProject
Project("{FAE04EC0-301F-11D3-BF4B-00C04F79EFBC}") = "Crossplatform.iOS", "Crossplatform.iOS\Crossplatform.iOS.csproj", "{8B1A0687-E1FF-42AA-ABA0-2B547E39B6CC}"
EndProject
Project("{2150E333-8FDC-42A3-9474-1A3956D46DE8}") = "06_Navigation", "06_Navigation", "{8EFCABEF-6F75-4339-971A-5C480CC899E2}"
EndProject
Project("{FAE04EC0-301F-11D3-BF4B-00C04F79EFBC}") = "Navigation.Droid", "Navigation.Droid\Navigation.Droid.csproj", "{D586B595-C29A-4B29-8E8A-3EB11F6EF623}"
EndProject
Project("{FAE04EC0-301F-11D3-BF4B-00C04F79EFBC}") = "Navigation.iOS", "Navigation.iOS\Navigation.iOS.csproj", "{EE83FA58-2DD6-42CE-9C9D-B9DE18F9CF21}"
EndProject
Project("{2150E333-8FDC-42A3-9474-1A3956D46DE8}") = "08_Data", "08_Data", "{BB8F11CD-4219-471A-8AFD-E69D748B3280}"
EndProject
Project("{FAE04EC0-301F-11D3-BF4B-00C04F79EFBC}") = "Data.Core", "Data.Core\Data.Core.csproj", "{3001B4E3-AC97-4543-962C-AC42E016CFF4}"
EndProject
Project("{FAE04EC0-301F-11D3-BF4B-00C04F79EFBC}") = "Data.Android", "Data.Android\Data.Android.csproj", "{2C8A6E0A-AB85-43CD-941B-F1FA5FA9920C}"
EndProject
Project("{FAE04EC0-301F-11D3-BF4B-00C04F79EFBC}") = "Data.iOS", "Data.iOS\Data.iOS.csproj", "{2D7D63F4-6D7C-4BB7-9210-2DB0494FAAF0}"
EndProject
Project("{2150E333-8FDC-42A3-9474-1A3956D46DE8}") = "09_WebService", "09_WebService", "{8F936034-D6BF-470D-A318-2088D3E80139}"
EndProject
Project("{FAE04EC0-301F-11D3-BF4B-00C04F79EFBC}") = "WebService.iOS", "WebService.iOS\WebService.iOS.csproj", "{7A984828-710B-49D0-A772-BC40417EC14B}"
EndProject
Project("{FAE04EC0-301F-11D3-BF4B-00C04F79EFBC}") = "WebService.Core", "WebService.Core\WebService.Core.csproj", "{F5C38774-B2F8-4316-984C-D72E5BF0DBC1}"
EndProject
Global
	GlobalSection(SolutionConfigurationPlatforms) = preSolution
		Ad-Hoc|Any CPU = Ad-Hoc|Any CPU
		Ad-Hoc|iPhone = Ad-Hoc|iPhone
		Ad-Hoc|iPhoneSimulator = Ad-Hoc|iPhoneSimulator
		AppStore|Any CPU = AppStore|Any CPU
		AppStore|iPhone = AppStore|iPhone
		AppStore|iPhoneSimulator = AppStore|iPhoneSimulator
		Debug|Any CPU = Debug|Any CPU
		Debug|iPhone = Debug|iPhone
		Debug|iPhoneSimulator = Debug|iPhoneSimulator
		Release|Any CPU = Release|Any CPU
		Release|iPhone = Release|iPhone
		Release|iPhoneSimulator = Release|iPhoneSimulator
	EndGlobalSection
	GlobalSection(ProjectConfigurationPlatforms) = postSolution
		{2980D9B2-E359-4FDC-A550-0D4DA92C687F}.Ad-Hoc|Any CPU.ActiveCfg = Release|Any CPU
		{2980D9B2-E359-4FDC-A550-0D4DA92C687F}.Ad-Hoc|Any CPU.Build.0 = Release|Any CPU
		{2980D9B2-E359-4FDC-A550-0D4DA92C687F}.Ad-Hoc|Any CPU.Deploy.0 = Release|Any CPU
		{2980D9B2-E359-4FDC-A550-0D4DA92C687F}.Ad-Hoc|iPhone.ActiveCfg = Release|Any CPU
		{2980D9B2-E359-4FDC-A550-0D4DA92C687F}.Ad-Hoc|iPhone.Build.0 = Release|Any CPU
		{2980D9B2-E359-4FDC-A550-0D4DA92C687F}.Ad-Hoc|iPhone.Deploy.0 = Release|Any CPU
		{2980D9B2-E359-4FDC-A550-0D4DA92C687F}.Ad-Hoc|iPhoneSimulator.ActiveCfg = Release|Any CPU
		{2980D9B2-E359-4FDC-A550-0D4DA92C687F}.Ad-Hoc|iPhoneSimulator.Build.0 = Release|Any CPU
		{2980D9B2-E359-4FDC-A550-0D4DA92C687F}.Ad-Hoc|iPhoneSimulator.Deploy.0 = Release|Any CPU
		{2980D9B2-E359-4FDC-A550-0D4DA92C687F}.AppStore|Any CPU.ActiveCfg = Release|Any CPU
		{2980D9B2-E359-4FDC-A550-0D4DA92C687F}.AppStore|Any CPU.Build.0 = Release|Any CPU
		{2980D9B2-E359-4FDC-A550-0D4DA92C687F}.AppStore|Any CPU.Deploy.0 = Release|Any CPU
		{2980D9B2-E359-4FDC-A550-0D4DA92C687F}.AppStore|iPhone.ActiveCfg = Release|Any CPU
		{2980D9B2-E359-4FDC-A550-0D4DA92C687F}.AppStore|iPhone.Build.0 = Release|Any CPU
		{2980D9B2-E359-4FDC-A550-0D4DA92C687F}.AppStore|iPhone.Deploy.0 = Release|Any CPU
		{2980D9B2-E359-4FDC-A550-0D4DA92C687F}.AppStore|iPhoneSimulator.ActiveCfg = Release|Any CPU
		{2980D9B2-E359-4FDC-A550-0D4DA92C687F}.AppStore|iPhoneSimulator.Build.0 = Release|Any CPU
		{2980D9B2-E359-4FDC-A550-0D4DA92C687F}.AppStore|iPhoneSimulator.Deploy.0 = Release|Any CPU
		{2980D9B2-E359-4FDC-A550-0D4DA92C687F}.Debug|Any CPU.ActiveCfg = Debug|Any CPU
		{2980D9B2-E359-4FDC-A550-0D4DA92C687F}.Debug|Any CPU.Build.0 = Debug|Any CPU
		{2980D9B2-E359-4FDC-A550-0D4DA92C687F}.Debug|Any CPU.Deploy.0 = Debug|Any CPU
		{2980D9B2-E359-4FDC-A550-0D4DA92C687F}.Debug|iPhone.ActiveCfg = Debug|Any CPU
		{2980D9B2-E359-4FDC-A550-0D4DA92C687F}.Debug|iPhone.Build.0 = Debug|Any CPU
		{2980D9B2-E359-4FDC-A550-0D4DA92C687F}.Debug|iPhone.Deploy.0 = Debug|Any CPU
		{2980D9B2-E359-4FDC-A550-0D4DA92C687F}.Debug|iPhoneSimulator.ActiveCfg = Debug|Any CPU
		{2980D9B2-E359-4FDC-A550-0D4DA92C687F}.Debug|iPhoneSimulator.Build.0 = Debug|Any CPU
		{2980D9B2-E359-4FDC-A550-0D4DA92C687F}.Debug|iPhoneSimulator.Deploy.0 = Debug|Any CPU
		{2980D9B2-E359-4FDC-A550-0D4DA92C687F}.Release|Any CPU.ActiveCfg = Release|Any CPU
		{2980D9B2-E359-4FDC-A550-0D4DA92C687F}.Release|Any CPU.Build.0 = Release|Any CPU
		{2980D9B2-E359-4FDC-A550-0D4DA92C687F}.Release|Any CPU.Deploy.0 = Release|Any CPU
		{2980D9B2-E359-4FDC-A550-0D4DA92C687F}.Release|iPhone.ActiveCfg = Release|Any CPU
		{2980D9B2-E359-4FDC-A550-0D4DA92C687F}.Release|iPhone.Build.0 = Release|Any CPU
		{2980D9B2-E359-4FDC-A550-0D4DA92C687F}.Release|iPhone.Deploy.0 = Release|Any CPU
		{2980D9B2-E359-4FDC-A550-0D4DA92C687F}.Release|iPhoneSimulator.ActiveCfg = Release|Any CPU
		{2980D9B2-E359-4FDC-A550-0D4DA92C687F}.Release|iPhoneSimulator.Build.0 = Release|Any CPU
		{2980D9B2-E359-4FDC-A550-0D4DA92C687F}.Release|iPhoneSimulator.Deploy.0 = Release|Any CPU
		{2C8A6E0A-AB85-43CD-941B-F1FA5FA9920C}.Ad-Hoc|Any CPU.ActiveCfg = Release|Any CPU
		{2C8A6E0A-AB85-43CD-941B-F1FA5FA9920C}.Ad-Hoc|Any CPU.Build.0 = Release|Any CPU
		{2C8A6E0A-AB85-43CD-941B-F1FA5FA9920C}.Ad-Hoc|Any CPU.Deploy.0 = Release|Any CPU
		{2C8A6E0A-AB85-43CD-941B-F1FA5FA9920C}.Ad-Hoc|iPhone.ActiveCfg = Release|Any CPU
		{2C8A6E0A-AB85-43CD-941B-F1FA5FA9920C}.Ad-Hoc|iPhone.Build.0 = Release|Any CPU
		{2C8A6E0A-AB85-43CD-941B-F1FA5FA9920C}.Ad-Hoc|iPhone.Deploy.0 = Release|Any CPU
		{2C8A6E0A-AB85-43CD-941B-F1FA5FA9920C}.Ad-Hoc|iPhoneSimulator.ActiveCfg = Release|Any CPU
		{2C8A6E0A-AB85-43CD-941B-F1FA5FA9920C}.Ad-Hoc|iPhoneSimulator.Build.0 = Release|Any CPU
		{2C8A6E0A-AB85-43CD-941B-F1FA5FA9920C}.Ad-Hoc|iPhoneSimulator.Deploy.0 = Release|Any CPU
		{2C8A6E0A-AB85-43CD-941B-F1FA5FA9920C}.AppStore|Any CPU.ActiveCfg = Release|Any CPU
		{2C8A6E0A-AB85-43CD-941B-F1FA5FA9920C}.AppStore|Any CPU.Build.0 = Release|Any CPU
		{2C8A6E0A-AB85-43CD-941B-F1FA5FA9920C}.AppStore|Any CPU.Deploy.0 = Release|Any CPU
		{2C8A6E0A-AB85-43CD-941B-F1FA5FA9920C}.AppStore|iPhone.ActiveCfg = Release|Any CPU
		{2C8A6E0A-AB85-43CD-941B-F1FA5FA9920C}.AppStore|iPhone.Build.0 = Release|Any CPU
		{2C8A6E0A-AB85-43CD-941B-F1FA5FA9920C}.AppStore|iPhone.Deploy.0 = Release|Any CPU
		{2C8A6E0A-AB85-43CD-941B-F1FA5FA9920C}.AppStore|iPhoneSimulator.ActiveCfg = Release|Any CPU
		{2C8A6E0A-AB85-43CD-941B-F1FA5FA9920C}.AppStore|iPhoneSimulator.Build.0 = Release|Any CPU
		{2C8A6E0A-AB85-43CD-941B-F1FA5FA9920C}.AppStore|iPhoneSimulator.Deploy.0 = Release|Any CPU
		{2C8A6E0A-AB85-43CD-941B-F1FA5FA9920C}.Debug|Any CPU.ActiveCfg = Debug|Any CPU
		{2C8A6E0A-AB85-43CD-941B-F1FA5FA9920C}.Debug|Any CPU.Build.0 = Debug|Any CPU
		{2C8A6E0A-AB85-43CD-941B-F1FA5FA9920C}.Debug|Any CPU.Deploy.0 = Debug|Any CPU
		{2C8A6E0A-AB85-43CD-941B-F1FA5FA9920C}.Debug|iPhone.ActiveCfg = Debug|Any CPU
		{2C8A6E0A-AB85-43CD-941B-F1FA5FA9920C}.Debug|iPhone.Build.0 = Debug|Any CPU
		{2C8A6E0A-AB85-43CD-941B-F1FA5FA9920C}.Debug|iPhone.Deploy.0 = Debug|Any CPU
		{2C8A6E0A-AB85-43CD-941B-F1FA5FA9920C}.Debug|iPhoneSimulator.ActiveCfg = Debug|Any CPU
		{2C8A6E0A-AB85-43CD-941B-F1FA5FA9920C}.Debug|iPhoneSimulator.Build.0 = Debug|Any CPU
		{2C8A6E0A-AB85-43CD-941B-F1FA5FA9920C}.Debug|iPhoneSimulator.Deploy.0 = Debug|Any CPU
		{2C8A6E0A-AB85-43CD-941B-F1FA5FA9920C}.Release|Any CPU.ActiveCfg = Release|Any CPU
		{2C8A6E0A-AB85-43CD-941B-F1FA5FA9920C}.Release|Any CPU.Build.0 = Release|Any CPU
		{2C8A6E0A-AB85-43CD-941B-F1FA5FA9920C}.Release|Any CPU.Deploy.0 = Release|Any CPU
		{2C8A6E0A-AB85-43CD-941B-F1FA5FA9920C}.Release|iPhone.ActiveCfg = Release|Any CPU
		{2C8A6E0A-AB85-43CD-941B-F1FA5FA9920C}.Release|iPhone.Build.0 = Release|Any CPU
		{2C8A6E0A-AB85-43CD-941B-F1FA5FA9920C}.Release|iPhone.Deploy.0 = Release|Any CPU
		{2C8A6E0A-AB85-43CD-941B-F1FA5FA9920C}.Release|iPhoneSimulator.ActiveCfg = Release|Any CPU
		{2C8A6E0A-AB85-43CD-941B-F1FA5FA9920C}.Release|iPhoneSimulator.Build.0 = Release|Any CPU
		{2C8A6E0A-AB85-43CD-941B-F1FA5FA9920C}.Release|iPhoneSimulator.Deploy.0 = Release|Any CPU
		{2D7D63F4-6D7C-4BB7-9210-2DB0494FAAF0}.Ad-Hoc|Any CPU.ActiveCfg = Debug|iPhoneSimulator
		{2D7D63F4-6D7C-4BB7-9210-2DB0494FAAF0}.Ad-Hoc|Any CPU.Build.0 = Debug|iPhoneSimulator
		{2D7D63F4-6D7C-4BB7-9210-2DB0494FAAF0}.Ad-Hoc|iPhone.ActiveCfg = Release|iPhone
		{2D7D63F4-6D7C-4BB7-9210-2DB0494FAAF0}.Ad-Hoc|iPhone.Build.0 = Release|iPhone
		{2D7D63F4-6D7C-4BB7-9210-2DB0494FAAF0}.Ad-Hoc|iPhoneSimulator.ActiveCfg = Debug|iPhoneSimulator
		{2D7D63F4-6D7C-4BB7-9210-2DB0494FAAF0}.Ad-Hoc|iPhoneSimulator.Build.0 = Debug|iPhoneSimulator
		{2D7D63F4-6D7C-4BB7-9210-2DB0494FAAF0}.AppStore|Any CPU.ActiveCfg = Debug|iPhoneSimulator
		{2D7D63F4-6D7C-4BB7-9210-2DB0494FAAF0}.AppStore|Any CPU.Build.0 = Debug|iPhoneSimulator
		{2D7D63F4-6D7C-4BB7-9210-2DB0494FAAF0}.AppStore|iPhone.ActiveCfg = Release|iPhone
		{2D7D63F4-6D7C-4BB7-9210-2DB0494FAAF0}.AppStore|iPhone.Build.0 = Release|iPhone
		{2D7D63F4-6D7C-4BB7-9210-2DB0494FAAF0}.AppStore|iPhoneSimulator.ActiveCfg = Debug|iPhoneSimulator
		{2D7D63F4-6D7C-4BB7-9210-2DB0494FAAF0}.AppStore|iPhoneSimulator.Build.0 = Debug|iPhoneSimulator
		{2D7D63F4-6D7C-4BB7-9210-2DB0494FAAF0}.Debug|Any CPU.ActiveCfg = Debug|iPhoneSimulator
		{2D7D63F4-6D7C-4BB7-9210-2DB0494FAAF0}.Debug|Any CPU.Build.0 = Debug|iPhoneSimulator
		{2D7D63F4-6D7C-4BB7-9210-2DB0494FAAF0}.Debug|iPhone.ActiveCfg = Debug|iPhone
		{2D7D63F4-6D7C-4BB7-9210-2DB0494FAAF0}.Debug|iPhone.Build.0 = Debug|iPhone
		{2D7D63F4-6D7C-4BB7-9210-2DB0494FAAF0}.Debug|iPhoneSimulator.ActiveCfg = Debug|iPhoneSimulator
		{2D7D63F4-6D7C-4BB7-9210-2DB0494FAAF0}.Debug|iPhoneSimulator.Build.0 = Debug|iPhoneSimulator
		{2D7D63F4-6D7C-4BB7-9210-2DB0494FAAF0}.Release|Any CPU.ActiveCfg = Release|iPhone
		{2D7D63F4-6D7C-4BB7-9210-2DB0494FAAF0}.Release|Any CPU.Build.0 = Release|iPhone
		{2D7D63F4-6D7C-4BB7-9210-2DB0494FAAF0}.Release|iPhone.ActiveCfg = Release|iPhone
		{2D7D63F4-6D7C-4BB7-9210-2DB0494FAAF0}.Release|iPhone.Build.0 = Release|iPhone
		{2D7D63F4-6D7C-4BB7-9210-2DB0494FAAF0}.Release|iPhoneSimulator.ActiveCfg = Release|iPhoneSimulator
		{2D7D63F4-6D7C-4BB7-9210-2DB0494FAAF0}.Release|iPhoneSimulator.Build.0 = Release|iPhoneSimulator
		{3001B4E3-AC97-4543-962C-AC42E016CFF4}.Ad-Hoc|Any CPU.ActiveCfg = Release|Any CPU
		{3001B4E3-AC97-4543-962C-AC42E016CFF4}.Ad-Hoc|Any CPU.Build.0 = Release|Any CPU
		{3001B4E3-AC97-4543-962C-AC42E016CFF4}.Ad-Hoc|iPhone.ActiveCfg = Release|Any CPU
		{3001B4E3-AC97-4543-962C-AC42E016CFF4}.Ad-Hoc|iPhone.Build.0 = Release|Any CPU
		{3001B4E3-AC97-4543-962C-AC42E016CFF4}.Ad-Hoc|iPhoneSimulator.ActiveCfg = Release|Any CPU
		{3001B4E3-AC97-4543-962C-AC42E016CFF4}.Ad-Hoc|iPhoneSimulator.Build.0 = Release|Any CPU
		{3001B4E3-AC97-4543-962C-AC42E016CFF4}.AppStore|Any CPU.ActiveCfg = Release|Any CPU
		{3001B4E3-AC97-4543-962C-AC42E016CFF4}.AppStore|Any CPU.Build.0 = Release|Any CPU
		{3001B4E3-AC97-4543-962C-AC42E016CFF4}.AppStore|iPhone.ActiveCfg = Release|Any CPU
		{3001B4E3-AC97-4543-962C-AC42E016CFF4}.AppStore|iPhone.Build.0 = Release|Any CPU
		{3001B4E3-AC97-4543-962C-AC42E016CFF4}.AppStore|iPhoneSimulator.ActiveCfg = Release|Any CPU
		{3001B4E3-AC97-4543-962C-AC42E016CFF4}.AppStore|iPhoneSimulator.Build.0 = Release|Any CPU
		{3001B4E3-AC97-4543-962C-AC42E016CFF4}.Debug|Any CPU.ActiveCfg = Debug|Any CPU
		{3001B4E3-AC97-4543-962C-AC42E016CFF4}.Debug|Any CPU.Build.0 = Debug|Any CPU
		{3001B4E3-AC97-4543-962C-AC42E016CFF4}.Debug|iPhone.ActiveCfg = Debug|Any CPU
		{3001B4E3-AC97-4543-962C-AC42E016CFF4}.Debug|iPhone.Build.0 = Debug|Any CPU
		{3001B4E3-AC97-4543-962C-AC42E016CFF4}.Debug|iPhoneSimulator.ActiveCfg = Debug|Any CPU
		{3001B4E3-AC97-4543-962C-AC42E016CFF4}.Debug|iPhoneSimulator.Build.0 = Debug|Any CPU
		{3001B4E3-AC97-4543-962C-AC42E016CFF4}.Release|Any CPU.ActiveCfg = Release|Any CPU
		{3001B4E3-AC97-4543-962C-AC42E016CFF4}.Release|Any CPU.Build.0 = Release|Any CPU
		{3001B4E3-AC97-4543-962C-AC42E016CFF4}.Release|iPhone.ActiveCfg = Release|Any CPU
		{3001B4E3-AC97-4543-962C-AC42E016CFF4}.Release|iPhone.Build.0 = Release|Any CPU
		{3001B4E3-AC97-4543-962C-AC42E016CFF4}.Release|iPhoneSimulator.ActiveCfg = Release|Any CPU
		{3001B4E3-AC97-4543-962C-AC42E016CFF4}.Release|iPhoneSimulator.Build.0 = Release|Any CPU
		{6EF11C64-A937-4707-AD92-D0CCD7D7EF7A}.Ad-Hoc|Any CPU.ActiveCfg = Release|Any CPU
		{6EF11C64-A937-4707-AD92-D0CCD7D7EF7A}.Ad-Hoc|Any CPU.Build.0 = Release|Any CPU
		{6EF11C64-A937-4707-AD92-D0CCD7D7EF7A}.Ad-Hoc|Any CPU.Deploy.0 = Release|Any CPU
		{6EF11C64-A937-4707-AD92-D0CCD7D7EF7A}.Ad-Hoc|iPhone.ActiveCfg = Release|Any CPU
		{6EF11C64-A937-4707-AD92-D0CCD7D7EF7A}.Ad-Hoc|iPhone.Build.0 = Release|Any CPU
		{6EF11C64-A937-4707-AD92-D0CCD7D7EF7A}.Ad-Hoc|iPhone.Deploy.0 = Release|Any CPU
		{6EF11C64-A937-4707-AD92-D0CCD7D7EF7A}.Ad-Hoc|iPhoneSimulator.ActiveCfg = Release|Any CPU
		{6EF11C64-A937-4707-AD92-D0CCD7D7EF7A}.Ad-Hoc|iPhoneSimulator.Build.0 = Release|Any CPU
		{6EF11C64-A937-4707-AD92-D0CCD7D7EF7A}.Ad-Hoc|iPhoneSimulator.Deploy.0 = Release|Any CPU
		{6EF11C64-A937-4707-AD92-D0CCD7D7EF7A}.AppStore|Any CPU.ActiveCfg = Release|Any CPU
		{6EF11C64-A937-4707-AD92-D0CCD7D7EF7A}.AppStore|Any CPU.Build.0 = Release|Any CPU
		{6EF11C64-A937-4707-AD92-D0CCD7D7EF7A}.AppStore|Any CPU.Deploy.0 = Release|Any CPU
		{6EF11C64-A937-4707-AD92-D0CCD7D7EF7A}.AppStore|iPhone.ActiveCfg = Release|Any CPU
		{6EF11C64-A937-4707-AD92-D0CCD7D7EF7A}.AppStore|iPhone.Build.0 = Release|Any CPU
		{6EF11C64-A937-4707-AD92-D0CCD7D7EF7A}.AppStore|iPhone.Deploy.0 = Release|Any CPU
		{6EF11C64-A937-4707-AD92-D0CCD7D7EF7A}.AppStore|iPhoneSimulator.ActiveCfg = Release|Any CPU
		{6EF11C64-A937-4707-AD92-D0CCD7D7EF7A}.AppStore|iPhoneSimulator.Build.0 = Release|Any CPU
		{6EF11C64-A937-4707-AD92-D0CCD7D7EF7A}.AppStore|iPhoneSimulator.Deploy.0 = Release|Any CPU
		{6EF11C64-A937-4707-AD92-D0CCD7D7EF7A}.Debug|Any CPU.ActiveCfg = Debug|Any CPU
		{6EF11C64-A937-4707-AD92-D0CCD7D7EF7A}.Debug|Any CPU.Build.0 = Debug|Any CPU
		{6EF11C64-A937-4707-AD92-D0CCD7D7EF7A}.Debug|Any CPU.Deploy.0 = Debug|Any CPU
		{6EF11C64-A937-4707-AD92-D0CCD7D7EF7A}.Debug|iPhone.ActiveCfg = Debug|Any CPU
		{6EF11C64-A937-4707-AD92-D0CCD7D7EF7A}.Debug|iPhone.Build.0 = Debug|Any CPU
		{6EF11C64-A937-4707-AD92-D0CCD7D7EF7A}.Debug|iPhone.Deploy.0 = Debug|Any CPU
		{6EF11C64-A937-4707-AD92-D0CCD7D7EF7A}.Debug|iPhoneSimulator.ActiveCfg = Debug|Any CPU
		{6EF11C64-A937-4707-AD92-D0CCD7D7EF7A}.Debug|iPhoneSimulator.Build.0 = Debug|Any CPU
		{6EF11C64-A937-4707-AD92-D0CCD7D7EF7A}.Debug|iPhoneSimulator.Deploy.0 = Debug|Any CPU
		{6EF11C64-A937-4707-AD92-D0CCD7D7EF7A}.Release|Any CPU.ActiveCfg = Release|Any CPU
		{6EF11C64-A937-4707-AD92-D0CCD7D7EF7A}.Release|Any CPU.Build.0 = Release|Any CPU
		{6EF11C64-A937-4707-AD92-D0CCD7D7EF7A}.Release|Any CPU.Deploy.0 = Release|Any CPU
		{6EF11C64-A937-4707-AD92-D0CCD7D7EF7A}.Release|iPhone.ActiveCfg = Release|Any CPU
		{6EF11C64-A937-4707-AD92-D0CCD7D7EF7A}.Release|iPhone.Build.0 = Release|Any CPU
		{6EF11C64-A937-4707-AD92-D0CCD7D7EF7A}.Release|iPhone.Deploy.0 = Release|Any CPU
		{6EF11C64-A937-4707-AD92-D0CCD7D7EF7A}.Release|iPhoneSimulator.ActiveCfg = Release|Any CPU
		{6EF11C64-A937-4707-AD92-D0CCD7D7EF7A}.Release|iPhoneSimulator.Build.0 = Release|Any CPU
		{6EF11C64-A937-4707-AD92-D0CCD7D7EF7A}.Release|iPhoneSimulator.Deploy.0 = Release|Any CPU
		{6F8044CD-ED7E-4D1A-8767-A4387A2DDA11}.Ad-Hoc|Any CPU.ActiveCfg = Ad-Hoc|iPhone
		{6F8044CD-ED7E-4D1A-8767-A4387A2DDA11}.Ad-Hoc|iPhone.ActiveCfg = Ad-Hoc|iPhone
		{6F8044CD-ED7E-4D1A-8767-A4387A2DDA11}.Ad-Hoc|iPhone.Build.0 = Ad-Hoc|iPhone
		{6F8044CD-ED7E-4D1A-8767-A4387A2DDA11}.Ad-Hoc|iPhoneSimulator.ActiveCfg = Ad-Hoc|iPhoneSimulator
		{6F8044CD-ED7E-4D1A-8767-A4387A2DDA11}.Ad-Hoc|iPhoneSimulator.Build.0 = Ad-Hoc|iPhoneSimulator
		{6F8044CD-ED7E-4D1A-8767-A4387A2DDA11}.AppStore|Any CPU.ActiveCfg = AppStore|iPhone
		{6F8044CD-ED7E-4D1A-8767-A4387A2DDA11}.AppStore|iPhone.ActiveCfg = AppStore|iPhone
		{6F8044CD-ED7E-4D1A-8767-A4387A2DDA11}.AppStore|iPhone.Build.0 = AppStore|iPhone
		{6F8044CD-ED7E-4D1A-8767-A4387A2DDA11}.AppStore|iPhoneSimulator.ActiveCfg = AppStore|iPhoneSimulator
		{6F8044CD-ED7E-4D1A-8767-A4387A2DDA11}.AppStore|iPhoneSimulator.Build.0 = AppStore|iPhoneSimulator
		{6F8044CD-ED7E-4D1A-8767-A4387A2DDA11}.Debug|Any CPU.ActiveCfg = Debug|iPhone
		{6F8044CD-ED7E-4D1A-8767-A4387A2DDA11}.Debug|iPhone.ActiveCfg = Debug|iPhone
		{6F8044CD-ED7E-4D1A-8767-A4387A2DDA11}.Debug|iPhone.Build.0 = Debug|iPhone
		{6F8044CD-ED7E-4D1A-8767-A4387A2DDA11}.Debug|iPhoneSimulator.ActiveCfg = Debug|iPhoneSimulator
		{6F8044CD-ED7E-4D1A-8767-A4387A2DDA11}.Debug|iPhoneSimulator.Build.0 = Debug|iPhoneSimulator
		{6F8044CD-ED7E-4D1A-8767-A4387A2DDA11}.Release|Any CPU.ActiveCfg = Release|iPhone
		{6F8044CD-ED7E-4D1A-8767-A4387A2DDA11}.Release|iPhone.ActiveCfg = Release|iPhone
		{6F8044CD-ED7E-4D1A-8767-A4387A2DDA11}.Release|iPhone.Build.0 = Release|iPhone
		{6F8044CD-ED7E-4D1A-8767-A4387A2DDA11}.Release|iPhoneSimulator.ActiveCfg = Release|iPhoneSimulator
		{6F8044CD-ED7E-4D1A-8767-A4387A2DDA11}.Release|iPhoneSimulator.Build.0 = Release|iPhoneSimulator
		{7A984828-710B-49D0-A772-BC40417EC14B}.Ad-Hoc|Any CPU.ActiveCfg = Ad-Hoc|iPhone
		{7A984828-710B-49D0-A772-BC40417EC14B}.Ad-Hoc|iPhone.ActiveCfg = Ad-Hoc|iPhone
		{7A984828-710B-49D0-A772-BC40417EC14B}.Ad-Hoc|iPhone.Build.0 = Ad-Hoc|iPhone
		{7A984828-710B-49D0-A772-BC40417EC14B}.Ad-Hoc|iPhoneSimulator.ActiveCfg = Ad-Hoc|iPhoneSimulator
		{7A984828-710B-49D0-A772-BC40417EC14B}.Ad-Hoc|iPhoneSimulator.Build.0 = Ad-Hoc|iPhoneSimulator
		{7A984828-710B-49D0-A772-BC40417EC14B}.AppStore|Any CPU.ActiveCfg = AppStore|iPhone
		{7A984828-710B-49D0-A772-BC40417EC14B}.AppStore|iPhone.ActiveCfg = AppStore|iPhone
		{7A984828-710B-49D0-A772-BC40417EC14B}.AppStore|iPhone.Build.0 = AppStore|iPhone
		{7A984828-710B-49D0-A772-BC40417EC14B}.AppStore|iPhoneSimulator.ActiveCfg = AppStore|iPhoneSimulator
		{7A984828-710B-49D0-A772-BC40417EC14B}.AppStore|iPhoneSimulator.Build.0 = AppStore|iPhoneSimulator
		{7A984828-710B-49D0-A772-BC40417EC14B}.Debug|Any CPU.ActiveCfg = Debug|iPhone
		{7A984828-710B-49D0-A772-BC40417EC14B}.Debug|iPhone.ActiveCfg = Debug|iPhone
		{7A984828-710B-49D0-A772-BC40417EC14B}.Debug|iPhone.Build.0 = Debug|iPhone
		{7A984828-710B-49D0-A772-BC40417EC14B}.Debug|iPhoneSimulator.ActiveCfg = Debug|iPhoneSimulator
		{7A984828-710B-49D0-A772-BC40417EC14B}.Debug|iPhoneSimulator.Build.0 = Debug|iPhoneSimulator
		{7A984828-710B-49D0-A772-BC40417EC14B}.Release|Any CPU.ActiveCfg = Release|iPhone
		{7A984828-710B-49D0-A772-BC40417EC14B}.Release|iPhone.ActiveCfg = Release|iPhone
		{7A984828-710B-49D0-A772-BC40417EC14B}.Release|iPhone.Build.0 = Release|iPhone
		{7A984828-710B-49D0-A772-BC40417EC14B}.Release|iPhoneSimulator.ActiveCfg = Release|iPhoneSimulator
		{7A984828-710B-49D0-A772-BC40417EC14B}.Release|iPhoneSimulator.Build.0 = Release|iPhoneSimulator
		{8B1A0687-E1FF-42AA-ABA0-2B547E39B6CC}.Ad-Hoc|Any CPU.ActiveCfg = Ad-Hoc|iPhone
		{8B1A0687-E1FF-42AA-ABA0-2B547E39B6CC}.Ad-Hoc|iPhone.ActiveCfg = Ad-Hoc|iPhone
		{8B1A0687-E1FF-42AA-ABA0-2B547E39B6CC}.Ad-Hoc|iPhone.Build.0 = Ad-Hoc|iPhone
		{8B1A0687-E1FF-42AA-ABA0-2B547E39B6CC}.Ad-Hoc|iPhoneSimulator.ActiveCfg = Ad-Hoc|iPhoneSimulator
		{8B1A0687-E1FF-42AA-ABA0-2B547E39B6CC}.Ad-Hoc|iPhoneSimulator.Build.0 = Ad-Hoc|iPhoneSimulator
		{8B1A0687-E1FF-42AA-ABA0-2B547E39B6CC}.AppStore|Any CPU.ActiveCfg = AppStore|iPhone
		{8B1A0687-E1FF-42AA-ABA0-2B547E39B6CC}.AppStore|iPhone.ActiveCfg = AppStore|iPhone
		{8B1A0687-E1FF-42AA-ABA0-2B547E39B6CC}.AppStore|iPhone.Build.0 = AppStore|iPhone
		{8B1A0687-E1FF-42AA-ABA0-2B547E39B6CC}.AppStore|iPhoneSimulator.ActiveCfg = AppStore|iPhoneSimulator
		{8B1A0687-E1FF-42AA-ABA0-2B547E39B6CC}.AppStore|iPhoneSimulator.Build.0 = AppStore|iPhoneSimulator
		{8B1A0687-E1FF-42AA-ABA0-2B547E39B6CC}.Debug|Any CPU.ActiveCfg = Debug|iPhone
		{8B1A0687-E1FF-42AA-ABA0-2B547E39B6CC}.Debug|iPhone.ActiveCfg = Debug|iPhone
		{8B1A0687-E1FF-42AA-ABA0-2B547E39B6CC}.Debug|iPhone.Build.0 = Debug|iPhone
		{8B1A0687-E1FF-42AA-ABA0-2B547E39B6CC}.Debug|iPhoneSimulator.ActiveCfg = Debug|iPhoneSimulator
		{8B1A0687-E1FF-42AA-ABA0-2B547E39B6CC}.Debug|iPhoneSimulator.Build.0 = Debug|iPhoneSimulator
		{8B1A0687-E1FF-42AA-ABA0-2B547E39B6CC}.Release|Any CPU.ActiveCfg = Release|iPhone
		{8B1A0687-E1FF-42AA-ABA0-2B547E39B6CC}.Release|iPhone.ActiveCfg = Release|iPhone
		{8B1A0687-E1FF-42AA-ABA0-2B547E39B6CC}.Release|iPhone.Build.0 = Release|iPhone
		{8B1A0687-E1FF-42AA-ABA0-2B547E39B6CC}.Release|iPhoneSimulator.ActiveCfg = Release|iPhoneSimulator
		{8B1A0687-E1FF-42AA-ABA0-2B547E39B6CC}.Release|iPhoneSimulator.Build.0 = Release|iPhoneSimulator
		{9FB67DFF-7157-474A-AA97-210366659901}.Ad-Hoc|Any CPU.ActiveCfg = Release|Any CPU
		{9FB67DFF-7157-474A-AA97-210366659901}.Ad-Hoc|Any CPU.Build.0 = Release|Any CPU
		{9FB67DFF-7157-474A-AA97-210366659901}.Ad-Hoc|Any CPU.Deploy.0 = Release|Any CPU
		{9FB67DFF-7157-474A-AA97-210366659901}.Ad-Hoc|iPhone.ActiveCfg = Release|Any CPU
		{9FB67DFF-7157-474A-AA97-210366659901}.Ad-Hoc|iPhone.Build.0 = Release|Any CPU
		{9FB67DFF-7157-474A-AA97-210366659901}.Ad-Hoc|iPhone.Deploy.0 = Release|Any CPU
		{9FB67DFF-7157-474A-AA97-210366659901}.Ad-Hoc|iPhoneSimulator.ActiveCfg = Release|Any CPU
		{9FB67DFF-7157-474A-AA97-210366659901}.Ad-Hoc|iPhoneSimulator.Build.0 = Release|Any CPU
		{9FB67DFF-7157-474A-AA97-210366659901}.Ad-Hoc|iPhoneSimulator.Deploy.0 = Release|Any CPU
		{9FB67DFF-7157-474A-AA97-210366659901}.AppStore|Any CPU.ActiveCfg = Release|Any CPU
		{9FB67DFF-7157-474A-AA97-210366659901}.AppStore|Any CPU.Build.0 = Release|Any CPU
		{9FB67DFF-7157-474A-AA97-210366659901}.AppStore|Any CPU.Deploy.0 = Release|Any CPU
		{9FB67DFF-7157-474A-AA97-210366659901}.AppStore|iPhone.ActiveCfg = Release|Any CPU
		{9FB67DFF-7157-474A-AA97-210366659901}.AppStore|iPhone.Build.0 = Release|Any CPU
		{9FB67DFF-7157-474A-AA97-210366659901}.AppStore|iPhone.Deploy.0 = Release|Any CPU
		{9FB67DFF-7157-474A-AA97-210366659901}.AppStore|iPhoneSimulator.ActiveCfg = Release|Any CPU
		{9FB67DFF-7157-474A-AA97-210366659901}.AppStore|iPhoneSimulator.Build.0 = Release|Any CPU
		{9FB67DFF-7157-474A-AA97-210366659901}.AppStore|iPhoneSimulator.Deploy.0 = Release|Any CPU
		{9FB67DFF-7157-474A-AA97-210366659901}.Debug|Any CPU.ActiveCfg = Debug|Any CPU
		{9FB67DFF-7157-474A-AA97-210366659901}.Debug|Any CPU.Build.0 = Debug|Any CPU
		{9FB67DFF-7157-474A-AA97-210366659901}.Debug|Any CPU.Deploy.0 = Debug|Any CPU
		{9FB67DFF-7157-474A-AA97-210366659901}.Debug|iPhone.ActiveCfg = Debug|Any CPU
		{9FB67DFF-7157-474A-AA97-210366659901}.Debug|iPhone.Build.0 = Debug|Any CPU
		{9FB67DFF-7157-474A-AA97-210366659901}.Debug|iPhone.Deploy.0 = Debug|Any CPU
		{9FB67DFF-7157-474A-AA97-210366659901}.Debug|iPhoneSimulator.ActiveCfg = Debug|Any CPU
		{9FB67DFF-7157-474A-AA97-210366659901}.Debug|iPhoneSimulator.Build.0 = Debug|Any CPU
		{9FB67DFF-7157-474A-AA97-210366659901}.Debug|iPhoneSimulator.Deploy.0 = Debug|Any CPU
		{9FB67DFF-7157-474A-AA97-210366659901}.Release|Any CPU.ActiveCfg = Release|Any CPU
		{9FB67DFF-7157-474A-AA97-210366659901}.Release|Any CPU.Build.0 = Release|Any CPU
		{9FB67DFF-7157-474A-AA97-210366659901}.Release|Any CPU.Deploy.0 = Release|Any CPU
		{9FB67DFF-7157-474A-AA97-210366659901}.Release|iPhone.ActiveCfg = Release|Any CPU
		{9FB67DFF-7157-474A-AA97-210366659901}.Release|iPhone.Build.0 = Release|Any CPU
		{9FB67DFF-7157-474A-AA97-210366659901}.Release|iPhone.Deploy.0 = Release|Any CPU
		{9FB67DFF-7157-474A-AA97-210366659901}.Release|iPhoneSimulator.ActiveCfg = Release|Any CPU
		{9FB67DFF-7157-474A-AA97-210366659901}.Release|iPhoneSimulator.Build.0 = Release|Any CPU
		{9FB67DFF-7157-474A-AA97-210366659901}.Release|iPhoneSimulator.Deploy.0 = Release|Any CPU
		{B7E902F3-CC99-4D65-B4F7-B15BE36211C0}.Ad-Hoc|Any CPU.ActiveCfg = Release|Any CPU
		{B7E902F3-CC99-4D65-B4F7-B15BE36211C0}.Ad-Hoc|Any CPU.Build.0 = Release|Any CPU
		{B7E902F3-CC99-4D65-B4F7-B15BE36211C0}.Ad-Hoc|iPhone.ActiveCfg = Release|Any CPU
		{B7E902F3-CC99-4D65-B4F7-B15BE36211C0}.Ad-Hoc|iPhone.Build.0 = Release|Any CPU
		{B7E902F3-CC99-4D65-B4F7-B15BE36211C0}.Ad-Hoc|iPhoneSimulator.ActiveCfg = Release|Any CPU
		{B7E902F3-CC99-4D65-B4F7-B15BE36211C0}.Ad-Hoc|iPhoneSimulator.Build.0 = Release|Any CPU
		{B7E902F3-CC99-4D65-B4F7-B15BE36211C0}.AppStore|Any CPU.ActiveCfg = Release|Any CPU
		{B7E902F3-CC99-4D65-B4F7-B15BE36211C0}.AppStore|Any CPU.Build.0 = Release|Any CPU
		{B7E902F3-CC99-4D65-B4F7-B15BE36211C0}.AppStore|iPhone.ActiveCfg = Release|Any CPU
		{B7E902F3-CC99-4D65-B4F7-B15BE36211C0}.AppStore|iPhone.Build.0 = Release|Any CPU
		{B7E902F3-CC99-4D65-B4F7-B15BE36211C0}.AppStore|iPhoneSimulator.ActiveCfg = Release|Any CPU
		{B7E902F3-CC99-4D65-B4F7-B15BE36211C0}.AppStore|iPhoneSimulator.Build.0 = Release|Any CPU
		{B7E902F3-CC99-4D65-B4F7-B15BE36211C0}.Debug|Any CPU.ActiveCfg = Debug|Any CPU
		{B7E902F3-CC99-4D65-B4F7-B15BE36211C0}.Debug|Any CPU.Build.0 = Debug|Any CPU
		{B7E902F3-CC99-4D65-B4F7-B15BE36211C0}.Debug|iPhone.ActiveCfg = Debug|Any CPU
		{B7E902F3-CC99-4D65-B4F7-B15BE36211C0}.Debug|iPhone.Build.0 = Debug|Any CPU
		{B7E902F3-CC99-4D65-B4F7-B15BE36211C0}.Debug|iPhoneSimulator.ActiveCfg = Debug|Any CPU
		{B7E902F3-CC99-4D65-B4F7-B15BE36211C0}.Debug|iPhoneSimulator.Build.0 = Debug|Any CPU
		{B7E902F3-CC99-4D65-B4F7-B15BE36211C0}.Release|Any CPU.ActiveCfg = Release|Any CPU
		{B7E902F3-CC99-4D65-B4F7-B15BE36211C0}.Release|Any CPU.Build.0 = Release|Any CPU
		{B7E902F3-CC99-4D65-B4F7-B15BE36211C0}.Release|iPhone.ActiveCfg = Release|Any CPU
		{B7E902F3-CC99-4D65-B4F7-B15BE36211C0}.Release|iPhone.Build.0 = Release|Any CPU
		{B7E902F3-CC99-4D65-B4F7-B15BE36211C0}.Release|iPhoneSimulator.ActiveCfg = Release|Any CPU
		{B7E902F3-CC99-4D65-B4F7-B15BE36211C0}.Release|iPhoneSimulator.Build.0 = Release|Any CPU
		{BEEE22CB-5F51-4A29-A787-45A5257CC213}.Ad-Hoc|Any CPU.ActiveCfg = Release|iPhone
		{BEEE22CB-5F51-4A29-A787-45A5257CC213}.Ad-Hoc|Any CPU.Build.0 = Release|iPhone
		{BEEE22CB-5F51-4A29-A787-45A5257CC213}.Ad-Hoc|iPhone.ActiveCfg = Release|iPhone
		{BEEE22CB-5F51-4A29-A787-45A5257CC213}.Ad-Hoc|iPhone.Build.0 = Release|iPhone
		{BEEE22CB-5F51-4A29-A787-45A5257CC213}.Ad-Hoc|iPhoneSimulator.ActiveCfg = Release|iPhoneSimulator
		{BEEE22CB-5F51-4A29-A787-45A5257CC213}.Ad-Hoc|iPhoneSimulator.Build.0 = Release|iPhoneSimulator
		{BEEE22CB-5F51-4A29-A787-45A5257CC213}.AppStore|Any CPU.ActiveCfg = Release|iPhone
		{BEEE22CB-5F51-4A29-A787-45A5257CC213}.AppStore|Any CPU.Build.0 = Release|iPhone
		{BEEE22CB-5F51-4A29-A787-45A5257CC213}.AppStore|iPhone.ActiveCfg = Release|iPhone
		{BEEE22CB-5F51-4A29-A787-45A5257CC213}.AppStore|iPhone.Build.0 = Release|iPhone
		{BEEE22CB-5F51-4A29-A787-45A5257CC213}.AppStore|iPhoneSimulator.ActiveCfg = Release|iPhoneSimulator
		{BEEE22CB-5F51-4A29-A787-45A5257CC213}.AppStore|iPhoneSimulator.Build.0 = Release|iPhoneSimulator
		{BEEE22CB-5F51-4A29-A787-45A5257CC213}.Debug|Any CPU.ActiveCfg = Debug|iPhone
		{BEEE22CB-5F51-4A29-A787-45A5257CC213}.Debug|iPhone.ActiveCfg = Debug|iPhone
		{BEEE22CB-5F51-4A29-A787-45A5257CC213}.Debug|iPhone.Build.0 = Debug|iPhone
		{BEEE22CB-5F51-4A29-A787-45A5257CC213}.Debug|iPhoneSimulator.ActiveCfg = Debug|iPhoneSimulator
		{BEEE22CB-5F51-4A29-A787-45A5257CC213}.Debug|iPhoneSimulator.Build.0 = Debug|iPhoneSimulator
		{BEEE22CB-5F51-4A29-A787-45A5257CC213}.Release|Any CPU.ActiveCfg = Release|iPhone
		{BEEE22CB-5F51-4A29-A787-45A5257CC213}.Release|iPhone.ActiveCfg = Release|iPhone
		{BEEE22CB-5F51-4A29-A787-45A5257CC213}.Release|iPhone.Build.0 = Release|iPhone
		{BEEE22CB-5F51-4A29-A787-45A5257CC213}.Release|iPhoneSimulator.ActiveCfg = Release|iPhoneSimulator
		{BEEE22CB-5F51-4A29-A787-45A5257CC213}.Release|iPhoneSimulator.Build.0 = Release|iPhoneSimulator
		{D586B595-C29A-4B29-8E8A-3EB11F6EF623}.Ad-Hoc|Any CPU.ActiveCfg = Release|Any CPU
		{D586B595-C29A-4B29-8E8A-3EB11F6EF623}.Ad-Hoc|Any CPU.Build.0 = Release|Any CPU
		{D586B595-C29A-4B29-8E8A-3EB11F6EF623}.Ad-Hoc|Any CPU.Deploy.0 = Release|Any CPU
		{D586B595-C29A-4B29-8E8A-3EB11F6EF623}.Ad-Hoc|iPhone.ActiveCfg = Release|Any CPU
		{D586B595-C29A-4B29-8E8A-3EB11F6EF623}.Ad-Hoc|iPhone.Build.0 = Release|Any CPU
		{D586B595-C29A-4B29-8E8A-3EB11F6EF623}.Ad-Hoc|iPhone.Deploy.0 = Release|Any CPU
		{D586B595-C29A-4B29-8E8A-3EB11F6EF623}.Ad-Hoc|iPhoneSimulator.ActiveCfg = Release|Any CPU
		{D586B595-C29A-4B29-8E8A-3EB11F6EF623}.Ad-Hoc|iPhoneSimulator.Build.0 = Release|Any CPU
		{D586B595-C29A-4B29-8E8A-3EB11F6EF623}.Ad-Hoc|iPhoneSimulator.Deploy.0 = Release|Any CPU
		{D586B595-C29A-4B29-8E8A-3EB11F6EF623}.AppStore|Any CPU.ActiveCfg = Release|Any CPU
		{D586B595-C29A-4B29-8E8A-3EB11F6EF623}.AppStore|Any CPU.Build.0 = Release|Any CPU
		{D586B595-C29A-4B29-8E8A-3EB11F6EF623}.AppStore|Any CPU.Deploy.0 = Release|Any CPU
		{D586B595-C29A-4B29-8E8A-3EB11F6EF623}.AppStore|iPhone.ActiveCfg = Release|Any CPU
		{D586B595-C29A-4B29-8E8A-3EB11F6EF623}.AppStore|iPhone.Build.0 = Release|Any CPU
		{D586B595-C29A-4B29-8E8A-3EB11F6EF623}.AppStore|iPhone.Deploy.0 = Release|Any CPU
		{D586B595-C29A-4B29-8E8A-3EB11F6EF623}.AppStore|iPhoneSimulator.ActiveCfg = Release|Any CPU
		{D586B595-C29A-4B29-8E8A-3EB11F6EF623}.AppStore|iPhoneSimulator.Build.0 = Release|Any CPU
		{D586B595-C29A-4B29-8E8A-3EB11F6EF623}.AppStore|iPhoneSimulator.Deploy.0 = Release|Any CPU
		{D586B595-C29A-4B29-8E8A-3EB11F6EF623}.Debug|Any CPU.ActiveCfg = Debug|Any CPU
		{D586B595-C29A-4B29-8E8A-3EB11F6EF623}.Debug|Any CPU.Build.0 = Debug|Any CPU
		{D586B595-C29A-4B29-8E8A-3EB11F6EF623}.Debug|Any CPU.Deploy.0 = Debug|Any CPU
		{D586B595-C29A-4B29-8E8A-3EB11F6EF623}.Debug|iPhone.ActiveCfg = Debug|Any CPU
		{D586B595-C29A-4B29-8E8A-3EB11F6EF623}.Debug|iPhone.Build.0 = Debug|Any CPU
		{D586B595-C29A-4B29-8E8A-3EB11F6EF623}.Debug|iPhone.Deploy.0 = Debug|Any CPU
		{D586B595-C29A-4B29-8E8A-3EB11F6EF623}.Debug|iPhoneSimulator.ActiveCfg = Debug|Any CPU
		{D586B595-C29A-4B29-8E8A-3EB11F6EF623}.Debug|iPhoneSimulator.Build.0 = Debug|Any CPU
		{D586B595-C29A-4B29-8E8A-3EB11F6EF623}.Debug|iPhoneSimulator.Deploy.0 = Debug|Any CPU
		{D586B595-C29A-4B29-8E8A-3EB11F6EF623}.Release|Any CPU.ActiveCfg = Release|Any CPU
		{D586B595-C29A-4B29-8E8A-3EB11F6EF623}.Release|Any CPU.Build.0 = Release|Any CPU
		{D586B595-C29A-4B29-8E8A-3EB11F6EF623}.Release|Any CPU.Deploy.0 = Release|Any CPU
		{D586B595-C29A-4B29-8E8A-3EB11F6EF623}.Release|iPhone.ActiveCfg = Release|Any CPU
		{D586B595-C29A-4B29-8E8A-3EB11F6EF623}.Release|iPhone.Build.0 = Release|Any CPU
		{D586B595-C29A-4B29-8E8A-3EB11F6EF623}.Release|iPhone.Deploy.0 = Release|Any CPU
		{D586B595-C29A-4B29-8E8A-3EB11F6EF623}.Release|iPhoneSimulator.ActiveCfg = Release|Any CPU
		{D586B595-C29A-4B29-8E8A-3EB11F6EF623}.Release|iPhoneSimulator.Build.0 = Release|Any CPU
		{D586B595-C29A-4B29-8E8A-3EB11F6EF623}.Release|iPhoneSimulator.Deploy.0 = Release|Any CPU
		{DFD2920A-4642-4D9E-B5BB-D449D047110A}.Ad-Hoc|Any CPU.ActiveCfg = Release|Any CPU
		{DFD2920A-4642-4D9E-B5BB-D449D047110A}.Ad-Hoc|Any CPU.Build.0 = Release|Any CPU
		{DFD2920A-4642-4D9E-B5BB-D449D047110A}.Ad-Hoc|Any CPU.Deploy.0 = Release|Any CPU
		{DFD2920A-4642-4D9E-B5BB-D449D047110A}.Ad-Hoc|iPhone.ActiveCfg = Release|Any CPU
		{DFD2920A-4642-4D9E-B5BB-D449D047110A}.Ad-Hoc|iPhone.Build.0 = Release|Any CPU
		{DFD2920A-4642-4D9E-B5BB-D449D047110A}.Ad-Hoc|iPhone.Deploy.0 = Release|Any CPU
		{DFD2920A-4642-4D9E-B5BB-D449D047110A}.Ad-Hoc|iPhoneSimulator.ActiveCfg = Release|Any CPU
		{DFD2920A-4642-4D9E-B5BB-D449D047110A}.Ad-Hoc|iPhoneSimulator.Build.0 = Release|Any CPU
		{DFD2920A-4642-4D9E-B5BB-D449D047110A}.Ad-Hoc|iPhoneSimulator.Deploy.0 = Release|Any CPU
		{DFD2920A-4642-4D9E-B5BB-D449D047110A}.AppStore|Any CPU.ActiveCfg = Release|Any CPU
		{DFD2920A-4642-4D9E-B5BB-D449D047110A}.AppStore|Any CPU.Build.0 = Release|Any CPU
		{DFD2920A-4642-4D9E-B5BB-D449D047110A}.AppStore|Any CPU.Deploy.0 = Release|Any CPU
		{DFD2920A-4642-4D9E-B5BB-D449D047110A}.AppStore|iPhone.ActiveCfg = Release|Any CPU
		{DFD2920A-4642-4D9E-B5BB-D449D047110A}.AppStore|iPhone.Build.0 = Release|Any CPU
		{DFD2920A-4642-4D9E-B5BB-D449D047110A}.AppStore|iPhone.Deploy.0 = Release|Any CPU
		{DFD2920A-4642-4D9E-B5BB-D449D047110A}.AppStore|iPhoneSimulator.ActiveCfg = Release|Any CPU
		{DFD2920A-4642-4D9E-B5BB-D449D047110A}.AppStore|iPhoneSimulator.Build.0 = Release|Any CPU
		{DFD2920A-4642-4D9E-B5BB-D449D047110A}.AppStore|iPhoneSimulator.Deploy.0 = Release|Any CPU
		{DFD2920A-4642-4D9E-B5BB-D449D047110A}.Debug|Any CPU.ActiveCfg = Debug|Any CPU
		{DFD2920A-4642-4D9E-B5BB-D449D047110A}.Debug|Any CPU.Build.0 = Debug|Any CPU
		{DFD2920A-4642-4D9E-B5BB-D449D047110A}.Debug|Any CPU.Deploy.0 = Debug|Any CPU
		{DFD2920A-4642-4D9E-B5BB-D449D047110A}.Debug|iPhone.ActiveCfg = Debug|Any CPU
		{DFD2920A-4642-4D9E-B5BB-D449D047110A}.Debug|iPhone.Build.0 = Debug|Any CPU
		{DFD2920A-4642-4D9E-B5BB-D449D047110A}.Debug|iPhone.Deploy.0 = Debug|Any CPU
		{DFD2920A-4642-4D9E-B5BB-D449D047110A}.Debug|iPhoneSimulator.ActiveCfg = Debug|Any CPU
		{DFD2920A-4642-4D9E-B5BB-D449D047110A}.Debug|iPhoneSimulator.Build.0 = Debug|Any CPU
		{DFD2920A-4642-4D9E-B5BB-D449D047110A}.Debug|iPhoneSimulator.Deploy.0 = Debug|Any CPU
		{DFD2920A-4642-4D9E-B5BB-D449D047110A}.Release|Any CPU.ActiveCfg = Release|Any CPU
		{DFD2920A-4642-4D9E-B5BB-D449D047110A}.Release|Any CPU.Build.0 = Release|Any CPU
		{DFD2920A-4642-4D9E-B5BB-D449D047110A}.Release|Any CPU.Deploy.0 = Release|Any CPU
		{DFD2920A-4642-4D9E-B5BB-D449D047110A}.Release|iPhone.ActiveCfg = Release|Any CPU
		{DFD2920A-4642-4D9E-B5BB-D449D047110A}.Release|iPhone.Build.0 = Release|Any CPU
		{DFD2920A-4642-4D9E-B5BB-D449D047110A}.Release|iPhone.Deploy.0 = Release|Any CPU
		{DFD2920A-4642-4D9E-B5BB-D449D047110A}.Release|iPhoneSimulator.ActiveCfg = Release|Any CPU
		{DFD2920A-4642-4D9E-B5BB-D449D047110A}.Release|iPhoneSimulator.Build.0 = Release|Any CPU
		{DFD2920A-4642-4D9E-B5BB-D449D047110A}.Release|iPhoneSimulator.Deploy.0 = Release|Any CPU
		{EE83FA58-2DD6-42CE-9C9D-B9DE18F9CF21}.Ad-Hoc|Any CPU.ActiveCfg = Ad-Hoc|iPhone
		{EE83FA58-2DD6-42CE-9C9D-B9DE18F9CF21}.Ad-Hoc|iPhone.ActiveCfg = Ad-Hoc|iPhone
		{EE83FA58-2DD6-42CE-9C9D-B9DE18F9CF21}.Ad-Hoc|iPhone.Build.0 = Ad-Hoc|iPhone
		{EE83FA58-2DD6-42CE-9C9D-B9DE18F9CF21}.Ad-Hoc|iPhoneSimulator.ActiveCfg = Ad-Hoc|iPhoneSimulator
		{EE83FA58-2DD6-42CE-9C9D-B9DE18F9CF21}.Ad-Hoc|iPhoneSimulator.Build.0 = Ad-Hoc|iPhoneSimulator
		{EE83FA58-2DD6-42CE-9C9D-B9DE18F9CF21}.AppStore|Any CPU.ActiveCfg = AppStore|iPhone
		{EE83FA58-2DD6-42CE-9C9D-B9DE18F9CF21}.AppStore|iPhone.ActiveCfg = AppStore|iPhone
		{EE83FA58-2DD6-42CE-9C9D-B9DE18F9CF21}.AppStore|iPhone.Build.0 = AppStore|iPhone
		{EE83FA58-2DD6-42CE-9C9D-B9DE18F9CF21}.AppStore|iPhoneSimulator.ActiveCfg = AppStore|iPhoneSimulator
		{EE83FA58-2DD6-42CE-9C9D-B9DE18F9CF21}.AppStore|iPhoneSimulator.Build.0 = AppStore|iPhoneSimulator
		{EE83FA58-2DD6-42CE-9C9D-B9DE18F9CF21}.Debug|Any CPU.ActiveCfg = Debug|iPhone
		{EE83FA58-2DD6-42CE-9C9D-B9DE18F9CF21}.Debug|iPhone.ActiveCfg = Debug|iPhone
		{EE83FA58-2DD6-42CE-9C9D-B9DE18F9CF21}.Debug|iPhone.Build.0 = Debug|iPhone
		{EE83FA58-2DD6-42CE-9C9D-B9DE18F9CF21}.Debug|iPhoneSimulator.ActiveCfg = Debug|iPhoneSimulator
		{EE83FA58-2DD6-42CE-9C9D-B9DE18F9CF21}.Debug|iPhoneSimulator.Build.0 = Debug|iPhoneSimulator
		{EE83FA58-2DD6-42CE-9C9D-B9DE18F9CF21}.Release|Any CPU.ActiveCfg = Release|iPhone
		{EE83FA58-2DD6-42CE-9C9D-B9DE18F9CF21}.Release|iPhone.ActiveCfg = Release|iPhone
		{EE83FA58-2DD6-42CE-9C9D-B9DE18F9CF21}.Release|iPhone.Build.0 = Release|iPhone
		{EE83FA58-2DD6-42CE-9C9D-B9DE18F9CF21}.Release|iPhoneSimulator.ActiveCfg = Release|iPhoneSimulator
		{EE83FA58-2DD6-42CE-9C9D-B9DE18F9CF21}.Release|iPhoneSimulator.Build.0 = Release|iPhoneSimulator
		{F5C38774-B2F8-4316-984C-D72E5BF0DBC1}.Ad-Hoc|Any CPU.ActiveCfg = Release|Any CPU
		{F5C38774-B2F8-4316-984C-D72E5BF0DBC1}.Ad-Hoc|Any CPU.Build.0 = Release|Any CPU
		{F5C38774-B2F8-4316-984C-D72E5BF0DBC1}.Ad-Hoc|iPhone.ActiveCfg = Release|Any CPU
		{F5C38774-B2F8-4316-984C-D72E5BF0DBC1}.Ad-Hoc|iPhone.Build.0 = Release|Any CPU
		{F5C38774-B2F8-4316-984C-D72E5BF0DBC1}.Ad-Hoc|iPhoneSimulator.ActiveCfg = Release|Any CPU
		{F5C38774-B2F8-4316-984C-D72E5BF0DBC1}.Ad-Hoc|iPhoneSimulator.Build.0 = Release|Any CPU
		{F5C38774-B2F8-4316-984C-D72E5BF0DBC1}.AppStore|Any CPU.ActiveCfg = Release|Any CPU
		{F5C38774-B2F8-4316-984C-D72E5BF0DBC1}.AppStore|Any CPU.Build.0 = Release|Any CPU
		{F5C38774-B2F8-4316-984C-D72E5BF0DBC1}.AppStore|iPhone.ActiveCfg = Release|Any CPU
		{F5C38774-B2F8-4316-984C-D72E5BF0DBC1}.AppStore|iPhone.Build.0 = Release|Any CPU
		{F5C38774-B2F8-4316-984C-D72E5BF0DBC1}.AppStore|iPhoneSimulator.ActiveCfg = Release|Any CPU
		{F5C38774-B2F8-4316-984C-D72E5BF0DBC1}.AppStore|iPhoneSimulator.Build.0 = Release|Any CPU
		{F5C38774-B2F8-4316-984C-D72E5BF0DBC1}.Debug|Any CPU.ActiveCfg = Debug|Any CPU
		{F5C38774-B2F8-4316-984C-D72E5BF0DBC1}.Debug|Any CPU.Build.0 = Debug|Any CPU
		{F5C38774-B2F8-4316-984C-D72E5BF0DBC1}.Debug|iPhone.ActiveCfg = Debug|Any CPU
		{F5C38774-B2F8-4316-984C-D72E5BF0DBC1}.Debug|iPhone.Build.0 = Debug|Any CPU
		{F5C38774-B2F8-4316-984C-D72E5BF0DBC1}.Debug|iPhoneSimulator.ActiveCfg = Debug|Any CPU
		{F5C38774-B2F8-4316-984C-D72E5BF0DBC1}.Debug|iPhoneSimulator.Build.0 = Debug|Any CPU
		{F5C38774-B2F8-4316-984C-D72E5BF0DBC1}.Release|Any CPU.ActiveCfg = Release|Any CPU
		{F5C38774-B2F8-4316-984C-D72E5BF0DBC1}.Release|Any CPU.Build.0 = Release|Any CPU
		{F5C38774-B2F8-4316-984C-D72E5BF0DBC1}.Release|iPhone.ActiveCfg = Release|Any CPU
		{F5C38774-B2F8-4316-984C-D72E5BF0DBC1}.Release|iPhone.Build.0 = Release|Any CPU
		{F5C38774-B2F8-4316-984C-D72E5BF0DBC1}.Release|iPhoneSimulator.ActiveCfg = Release|Any CPU
		{F5C38774-B2F8-4316-984C-D72E5BF0DBC1}.Release|iPhoneSimulator.Build.0 = Release|Any CPU
	EndGlobalSection
	GlobalSection(NestedProjects) = preSolution
		{6EF11C64-A937-4707-AD92-D0CCD7D7EF7A} = {7394F83A-F8E4-45D7-82A8-7F05B740D2F8}
		{9FB67DFF-7157-474A-AA97-210366659901} = {7394F83A-F8E4-45D7-82A8-7F05B740D2F8}
		{6F8044CD-ED7E-4D1A-8767-A4387A2DDA11} = {7394F83A-F8E4-45D7-82A8-7F05B740D2F8}
		{2980D9B2-E359-4FDC-A550-0D4DA92C687F} = {A23FD2AE-4A00-479C-BD2E-A48EFDCF9249}
		{BEEE22CB-5F51-4A29-A787-45A5257CC213} = {A23FD2AE-4A00-479C-BD2E-A48EFDCF9249}
		{DFD2920A-4642-4D9E-B5BB-D449D047110A} = {F4492C62-C2C5-49DB-9750-820497AB127C}
		{B7E902F3-CC99-4D65-B4F7-B15BE36211C0} = {F4492C62-C2C5-49DB-9750-820497AB127C}
		{8B1A0687-E1FF-42AA-ABA0-2B547E39B6CC} = {F4492C62-C2C5-49DB-9750-820497AB127C}
		{D586B595-C29A-4B29-8E8A-3EB11F6EF623} = {8EFCABEF-6F75-4339-971A-5C480CC899E2}
		{EE83FA58-2DD6-42CE-9C9D-B9DE18F9CF21} = {8EFCABEF-6F75-4339-971A-5C480CC899E2}
		{3001B4E3-AC97-4543-962C-AC42E016CFF4} = {BB8F11CD-4219-471A-8AFD-E69D748B3280}
		{2C8A6E0A-AB85-43CD-941B-F1FA5FA9920C} = {BB8F11CD-4219-471A-8AFD-E69D748B3280}
		{2D7D63F4-6D7C-4BB7-9210-2DB0494FAAF0} = {BB8F11CD-4219-471A-8AFD-E69D748B3280}
		{7A984828-710B-49D0-A772-BC40417EC14B} = {8F936034-D6BF-470D-A318-2088D3E80139}
		{F5C38774-B2F8-4316-984C-D72E5BF0DBC1} = {8F936034-D6BF-470D-A318-2088D3E80139}
	EndGlobalSection
	GlobalSection(SolutionProperties) = preSolution
		HideSolutionNode = FALSE
	EndGlobalSection
EndGlobal
